// !$*UTF8*$!
{
	archiveVersion = 1;
	classes = {
	};
	objectVersion = 55;
	objects = {

/* Begin PBXBuildFile section */
		CE2A3088280D5F5A0013E5FF /* AppDelegate.swift in Sources */ = {isa = PBXBuildFile; fileRef = CE2A3087280D5F5A0013E5FF /* AppDelegate.swift */; };
		CE2A308A280D5F5A0013E5FF /* SceneDelegate.swift in Sources */ = {isa = PBXBuildFile; fileRef = CE2A3089280D5F5A0013E5FF /* SceneDelegate.swift */; };
		CE2A308C280D5F5A0013E5FF /* ViewController.swift in Sources */ = {isa = PBXBuildFile; fileRef = CE2A308B280D5F5A0013E5FF /* ViewController.swift */; };
		CE2A308F280D5F5A0013E5FF /* Main.storyboard in Resources */ = {isa = PBXBuildFile; fileRef = CE2A308D280D5F5A0013E5FF /* Main.storyboard */; };
		CE2A3091280D5F5B0013E5FF /* Assets.xcassets in Resources */ = {isa = PBXBuildFile; fileRef = CE2A3090280D5F5B0013E5FF /* Assets.xcassets */; };
		CE2A3094280D5F5B0013E5FF /* LaunchScreen.storyboard in Resources */ = {isa = PBXBuildFile; fileRef = CE2A3092280D5F5B0013E5FF /* LaunchScreen.storyboard */; };
		CE2A309F280D5F5C0013E5FF /* buttonPractice2Tests.swift in Sources */ = {isa = PBXBuildFile; fileRef = CE2A309E280D5F5C0013E5FF /* buttonPractice2Tests.swift */; };
		CE2A30A9280D5F5C0013E5FF /* buttonPractice2UITests.swift in Sources */ = {isa = PBXBuildFile; fileRef = CE2A30A8280D5F5C0013E5FF /* buttonPractice2UITests.swift */; };
		CE2A30AB280D5F5C0013E5FF /* buttonPractice2UITestsLaunchTests.swift in Sources */ = {isa = PBXBuildFile; fileRef = CE2A30AA280D5F5C0013E5FF /* buttonPractice2UITestsLaunchTests.swift */; };
/* End PBXBuildFile section */

/* Begin PBXContainerItemProxy section */
		CE2A309B280D5F5C0013E5FF /* PBXContainerItemProxy */ = {
			isa = PBXContainerItemProxy;
			containerPortal = CE2A307C280D5F5A0013E5FF /* Project object */;
			proxyType = 1;
			remoteGlobalIDString = CE2A3083280D5F5A0013E5FF;
			remoteInfo = buttonPractice2;
		};
		CE2A30A5280D5F5C0013E5FF /* PBXContainerItemProxy */ = {
			isa = PBXContainerItemProxy;
			containerPortal = CE2A307C280D5F5A0013E5FF /* Project object */;
			proxyType = 1;
			remoteGlobalIDString = CE2A3083280D5F5A0013E5FF;
			remoteInfo = buttonPractice2;
		};
/* End PBXContainerItemProxy section */

/* Begin PBXFileReference section */
		CE2A3084280D5F5A0013E5FF /* buttonPractice2.app */ = {isa = PBXFileReference; explicitFileType = wrapper.application; includeInIndex = 0; path = buttonPractice2.app; sourceTree = BUILT_PRODUCTS_DIR; };
		CE2A3087280D5F5A0013E5FF /* AppDelegate.swift */ = {isa = PBXFileReference; lastKnownFileType = sourcecode.swift; path = AppDelegate.swift; sourceTree = "<group>"; };
		CE2A3089280D5F5A0013E5FF /* SceneDelegate.swift */ = {isa = PBXFileReference; lastKnownFileType = sourcecode.swift; path = SceneDelegate.swift; sourceTree = "<group>"; };
		CE2A308B280D5F5A0013E5FF /* ViewController.swift */ = {isa = PBXFileReference; lastKnownFileType = sourcecode.swift; path = ViewController.swift; sourceTree = "<group>"; };
		CE2A308E280D5F5A0013E5FF /* Base */ = {isa = PBXFileReference; lastKnownFileType = file.storyboard; name = Base; path = Base.lproj/Main.storyboard; sourceTree = "<group>"; };
		CE2A3090280D5F5B0013E5FF /* Assets.xcassets */ = {isa = PBXFileReference; lastKnownFileType = folder.assetcatalog; path = Assets.xcassets; sourceTree = "<group>"; };
		CE2A3093280D5F5B0013E5FF /* Base */ = {isa = PBXFileReference; lastKnownFileType = file.storyboard; name = Base; path = Base.lproj/LaunchScreen.storyboard; sourceTree = "<group>"; };
		CE2A3095280D5F5B0013E5FF /* Info.plist */ = {isa = PBXFileReference; lastKnownFileType = text.plist.xml; path = Info.plist; sourceTree = "<group>"; };
		CE2A309A280D5F5C0013E5FF /* buttonPractice2Tests.xctest */ = {isa = PBXFileReference; explicitFileType = wrapper.cfbundle; includeInIndex = 0; path = buttonPractice2Tests.xctest; sourceTree = BUILT_PRODUCTS_DIR; };
		CE2A309E280D5F5C0013E5FF /* buttonPractice2Tests.swift */ = {isa = PBXFileReference; lastKnownFileType = sourcecode.swift; path = buttonPractice2Tests.swift; sourceTree = "<group>"; };
		CE2A30A4280D5F5C0013E5FF /* buttonPractice2UITests.xctest */ = {isa = PBXFileReference; explicitFileType = wrapper.cfbundle; includeInIndex = 0; path = buttonPractice2UITests.xctest; sourceTree = BUILT_PRODUCTS_DIR; };
		CE2A30A8280D5F5C0013E5FF /* buttonPractice2UITests.swift */ = {isa = PBXFileReference; lastKnownFileType = sourcecode.swift; path = buttonPractice2UITests.swift; sourceTree = "<group>"; };
		CE2A30AA280D5F5C0013E5FF /* buttonPractice2UITestsLaunchTests.swift */ = {isa = PBXFileReference; lastKnownFileType = sourcecode.swift; path = buttonPractice2UITestsLaunchTests.swift; sourceTree = "<group>"; };
/* End PBXFileReference section */

/* Begin PBXFrameworksBuildPhase section */
		CE2A3081280D5F5A0013E5FF /* Frameworks */ = {
			isa = PBXFrameworksBuildPhase;
			buildActionMask = 2147483647;
			files = (
			);
			runOnlyForDeploymentPostprocessing = 0;
		};
		CE2A3097280D5F5C0013E5FF /* Frameworks */ = {
			isa = PBXFrameworksBuildPhase;
			buildActionMask = 2147483647;
			files = (
			);
			runOnlyForDeploymentPostprocessing = 0;
		};
		CE2A30A1280D5F5C0013E5FF /* Frameworks */ = {
			isa = PBXFrameworksBuildPhase;
			buildActionMask = 2147483647;
			files = (
			);
			runOnlyForDeploymentPostprocessing = 0;
		};
/* End PBXFrameworksBuildPhase section */

/* Begin PBXGroup section */
		CE2A307B280D5F5A0013E5FF = {
			isa = PBXGroup;
			children = (
				CE2A3086280D5F5A0013E5FF /* buttonPractice2 */,
				CE2A309D280D5F5C0013E5FF /* buttonPractice2Tests */,
				CE2A30A7280D5F5C0013E5FF /* buttonPractice2UITests */,
				CE2A3085280D5F5A0013E5FF /* Products */,
			);
			sourceTree = "<group>";
		};
		CE2A3085280D5F5A0013E5FF /* Products */ = {
			isa = PBXGroup;
			children = (
				CE2A3084280D5F5A0013E5FF /* buttonPractice2.app */,
				CE2A309A280D5F5C0013E5FF /* buttonPractice2Tests.xctest */,
				CE2A30A4280D5F5C0013E5FF /* buttonPractice2UITests.xctest */,
			);
			name = Products;
			sourceTree = "<group>";
		};
		CE2A3086280D5F5A0013E5FF /* buttonPractice2 */ = {
			isa = PBXGroup;
			children = (
				CE2A3087280D5F5A0013E5FF /* AppDelegate.swift */,
				CE2A3089280D5F5A0013E5FF /* SceneDelegate.swift */,
				CE2A308B280D5F5A0013E5FF /* ViewController.swift */,
				CE2A308D280D5F5A0013E5FF /* Main.storyboard */,
				CE2A3090280D5F5B0013E5FF /* Assets.xcassets */,
				CE2A3092280D5F5B0013E5FF /* LaunchScreen.storyboard */,
				CE2A3095280D5F5B0013E5FF /* Info.plist */,
			);
			path = buttonPractice2;
			sourceTree = "<group>";
		};
		CE2A309D280D5F5C0013E5FF /* buttonPractice2Tests */ = {
			isa = PBXGroup;
			children = (
				CE2A309E280D5F5C0013E5FF /* buttonPractice2Tests.swift */,
			);
			path = buttonPractice2Tests;
			sourceTree = "<group>";
		};
		CE2A30A7280D5F5C0013E5FF /* buttonPractice2UITests */ = {
			isa = PBXGroup;
			children = (
				CE2A30A8280D5F5C0013E5FF /* buttonPractice2UITests.swift */,
				CE2A30AA280D5F5C0013E5FF /* buttonPractice2UITestsLaunchTests.swift */,
			);
			path = buttonPractice2UITests;
			sourceTree = "<group>";
		};
/* End PBXGroup section */

/* Begin PBXNativeTarget section */
		CE2A3083280D5F5A0013E5FF /* buttonPractice2 */ = {
			isa = PBXNativeTarget;
			buildConfigurationList = CE2A30AE280D5F5C0013E5FF /* Build configuration list for PBXNativeTarget "buttonPractice2" */;
			buildPhases = (
				CE2A3080280D5F5A0013E5FF /* Sources */,
				CE2A3081280D5F5A0013E5FF /* Frameworks */,
				CE2A3082280D5F5A0013E5FF /* Resources */,
			);
			buildRules = (
			);
			dependencies = (
			);
			name = buttonPractice2;
			productName = buttonPractice2;
			productReference = CE2A3084280D5F5A0013E5FF /* buttonPractice2.app */;
			productType = "com.apple.product-type.application";
		};
		CE2A3099280D5F5C0013E5FF /* buttonPractice2Tests */ = {
			isa = PBXNativeTarget;
			buildConfigurationList = CE2A30B1280D5F5C0013E5FF /* Build configuration list for PBXNativeTarget "buttonPractice2Tests" */;
			buildPhases = (
				CE2A3096280D5F5C0013E5FF /* Sources */,
				CE2A3097280D5F5C0013E5FF /* Frameworks */,
				CE2A3098280D5F5C0013E5FF /* Resources */,
			);
			buildRules = (
			);
			dependencies = (
				CE2A309C280D5F5C0013E5FF /* PBXTargetDependency */,
			);
			name = buttonPractice2Tests;
			productName = buttonPractice2Tests;
			productReference = CE2A309A280D5F5C0013E5FF /* buttonPractice2Tests.xctest */;
			productType = "com.apple.product-type.bundle.unit-test";
		};
		CE2A30A3280D5F5C0013E5FF /* buttonPractice2UITests */ = {
			isa = PBXNativeTarget;
			buildConfigurationList = CE2A30B4280D5F5C0013E5FF /* Build configuration list for PBXNativeTarget "buttonPractice2UITests" */;
			buildPhases = (
				CE2A30A0280D5F5C0013E5FF /* Sources */,
				CE2A30A1280D5F5C0013E5FF /* Frameworks */,
				CE2A30A2280D5F5C0013E5FF /* Resources */,
			);
			buildRules = (
			);
			dependencies = (
				CE2A30A6280D5F5C0013E5FF /* PBXTargetDependency */,
			);
			name = buttonPractice2UITests;
			productName = buttonPractice2UITests;
			productReference = CE2A30A4280D5F5C0013E5FF /* buttonPractice2UITests.xctest */;
			productType = "com.apple.product-type.bundle.ui-testing";
		};
/* End PBXNativeTarget section */

/* Begin PBXProject section */
		CE2A307C280D5F5A0013E5FF /* Project object */ = {
			isa = PBXProject;
			attributes = {
				BuildIndependentTargetsInParallel = 1;
				LastSwiftUpdateCheck = 1330;
				LastUpgradeCheck = 1330;
				TargetAttributes = {
					CE2A3083280D5F5A0013E5FF = {
						CreatedOnToolsVersion = 13.3;
					};
					CE2A3099280D5F5C0013E5FF = {
						CreatedOnToolsVersion = 13.3;
						TestTargetID = CE2A3083280D5F5A0013E5FF;
					};
					CE2A30A3280D5F5C0013E5FF = {
						CreatedOnToolsVersion = 13.3;
						TestTargetID = CE2A3083280D5F5A0013E5FF;
					};
				};
			};
			buildConfigurationList = CE2A307F280D5F5A0013E5FF /* Build configuration list for PBXProject "buttonPractice2" */;
			compatibilityVersion = "Xcode 13.0";
			developmentRegion = en;
			hasScannedForEncodings = 0;
			knownRegions = (
				en,
				Base,
			);
			mainGroup = CE2A307B280D5F5A0013E5FF;
			productRefGroup = CE2A3085280D5F5A0013E5FF /* Products */;
			projectDirPath = "";
			projectRoot = "";
			targets = (
				CE2A3083280D5F5A0013E5FF /* buttonPractice2 */,
				CE2A3099280D5F5C0013E5FF /* buttonPractice2Tests */,
				CE2A30A3280D5F5C0013E5FF /* buttonPractice2UITests */,
			);
		};
/* End PBXProject section */

/* Begin PBXResourcesBuildPhase section */
		CE2A3082280D5F5A0013E5FF /* Resources */ = {
			isa = PBXResourcesBuildPhase;
			buildActionMask = 2147483647;
			files = (
				CE2A3094280D5F5B0013E5FF /* LaunchScreen.storyboard in Resources */,
				CE2A3091280D5F5B0013E5FF /* Assets.xcassets in Resources */,
				CE2A308F280D5F5A0013E5FF /* Main.storyboard in Resources */,
			);
			runOnlyForDeploymentPostprocessing = 0;
		};
		CE2A3098280D5F5C0013E5FF /* Resources */ = {
			isa = PBXResourcesBuildPhase;
			buildActionMask = 2147483647;
			files = (
			);
			runOnlyForDeploymentPostprocessing = 0;
		};
		CE2A30A2280D5F5C0013E5FF /* Resources */ = {
			isa = PBXResourcesBuildPhase;
			buildActionMask = 2147483647;
			files = (
			);
			runOnlyForDeploymentPostprocessing = 0;
		};
/* End PBXResourcesBuildPhase section */

/* Begin PBXSourcesBuildPhase section */
		CE2A3080280D5F5A0013E5FF /* Sources */ = {
			isa = PBXSourcesBuildPhase;
			buildActionMask = 2147483647;
			files = (
				CE2A308C280D5F5A0013E5FF /* ViewController.swift in Sources */,
				CE2A3088280D5F5A0013E5FF /* AppDelegate.swift in Sources */,
				CE2A308A280D5F5A0013E5FF /* SceneDelegate.swift in Sources */,
			);
			runOnlyForDeploymentPostprocessing = 0;
		};
		CE2A3096280D5F5C0013E5FF /* Sources */ = {
			isa = PBXSourcesBuildPhase;
			buildActionMask = 2147483647;
			files = (
				CE2A309F280D5F5C0013E5FF /* buttonPractice2Tests.swift in Sources */,
			);
			runOnlyForDeploymentPostprocessing = 0;
		};
		CE2A30A0280D5F5C0013E5FF /* Sources */ = {
			isa = PBXSourcesBuildPhase;
			buildActionMask = 2147483647;
			files = (
				CE2A30AB280D5F5C0013E5FF /* buttonPractice2UITestsLaunchTests.swift in Sources */,
				CE2A30A9280D5F5C0013E5FF /* buttonPractice2UITests.swift in Sources */,
			);
			runOnlyForDeploymentPostprocessing = 0;
		};
/* End PBXSourcesBuildPhase section */

/* Begin PBXTargetDependency section */
		CE2A309C280D5F5C0013E5FF /* PBXTargetDependency */ = {
			isa = PBXTargetDependency;
			target = CE2A3083280D5F5A0013E5FF /* buttonPractice2 */;
			targetProxy = CE2A309B280D5F5C0013E5FF /* PBXContainerItemProxy */;
		};
		CE2A30A6280D5F5C0013E5FF /* PBXTargetDependency */ = {
			isa = PBXTargetDependency;
			target = CE2A3083280D5F5A0013E5FF /* buttonPractice2 */;
			targetProxy = CE2A30A5280D5F5C0013E5FF /* PBXContainerItemProxy */;
		};
/* End PBXTargetDependency section */

/* Begin PBXVariantGroup section */
		CE2A308D280D5F5A0013E5FF /* Main.storyboard */ = {
			isa = PBXVariantGroup;
			children = (
				CE2A308E280D5F5A0013E5FF /* Base */,
			);
			name = Main.storyboard;
			sourceTree = "<group>";
		};
		CE2A3092280D5F5B0013E5FF /* LaunchScreen.storyboard */ = {
			isa = PBXVariantGroup;
			children = (
				CE2A3093280D5F5B0013E5FF /* Base */,
			);
			name = LaunchScreen.storyboard;
			sourceTree = "<group>";
		};
/* End PBXVariantGroup section */

/* Begin XCBuildConfiguration section */
		CE2A30AC280D5F5C0013E5FF /* Debug */ = {
			isa = XCBuildConfiguration;
			buildSettings = {
				ALWAYS_SEARCH_USER_PATHS = NO;
				CLANG_ANALYZER_NONNULL = YES;
				CLANG_ANALYZER_NUMBER_OBJECT_CONVERSION = YES_AGGRESSIVE;
				CLANG_CXX_LANGUAGE_STANDARD = "gnu++17";
				CLANG_ENABLE_MODULES = YES;
				CLANG_ENABLE_OBJC_ARC = YES;
				CLANG_ENABLE_OBJC_WEAK = YES;
				CLANG_WARN_BLOCK_CAPTURE_AUTORELEASING = YES;
				CLANG_WARN_BOOL_CONVERSION = YES;
				CLANG_WARN_COMMA = YES;
				CLANG_WARN_CONSTANT_CONVERSION = YES;
				CLANG_WARN_DEPRECATED_OBJC_IMPLEMENTATIONS = YES;
				CLANG_WARN_DIRECT_OBJC_ISA_USAGE = YES_ERROR;
				CLANG_WARN_DOCUMENTATION_COMMENTS = YES;
				CLANG_WARN_EMPTY_BODY = YES;
				CLANG_WARN_ENUM_CONVERSION = YES;
				CLANG_WARN_INFINITE_RECURSION = YES;
				CLANG_WARN_INT_CONVERSION = YES;
				CLANG_WARN_NON_LITERAL_NULL_CONVERSION = YES;
				CLANG_WARN_OBJC_IMPLICIT_RETAIN_SELF = YES;
				CLANG_WARN_OBJC_LITERAL_CONVERSION = YES;
				CLANG_WARN_OBJC_ROOT_CLASS = YES_ERROR;
				CLANG_WARN_QUOTED_INCLUDE_IN_FRAMEWORK_HEADER = YES;
				CLANG_WARN_RANGE_LOOP_ANALYSIS = YES;
				CLANG_WARN_STRICT_PROTOTYPES = YES;
				CLANG_WARN_SUSPICIOUS_MOVE = YES;
				CLANG_WARN_UNGUARDED_AVAILABILITY = YES_AGGRESSIVE;
				CLANG_WARN_UNREACHABLE_CODE = YES;
				CLANG_WARN__DUPLICATE_METHOD_MATCH = YES;
				COPY_PHASE_STRIP = NO;
				DEBUG_INFORMATION_FORMAT = dwarf;
				ENABLE_STRICT_OBJC_MSGSEND = YES;
				ENABLE_TESTABILITY = YES;
				GCC_C_LANGUAGE_STANDARD = gnu11;
				GCC_DYNAMIC_NO_PIC = NO;
				GCC_NO_COMMON_BLOCKS = YES;
				GCC_OPTIMIZATION_LEVEL = 0;
				GCC_PREPROCESSOR_DEFINITIONS = (
					"DEBUG=1",
					"$(inherited)",
				);
				GCC_WARN_64_TO_32_BIT_CONVERSION = YES;
				GCC_WARN_ABOUT_RETURN_TYPE = YES_ERROR;
				GCC_WARN_UNDECLARED_SELECTOR = YES;
				GCC_WARN_UNINITIALIZED_AUTOS = YES_AGGRESSIVE;
				GCC_WARN_UNUSED_FUNCTION = YES;
				GCC_WARN_UNUSED_VARIABLE = YES;
				IPHONEOS_DEPLOYMENT_TARGET = 15.4;
				MTL_ENABLE_DEBUG_INFO = INCLUDE_SOURCE;
				MTL_FAST_MATH = YES;
				ONLY_ACTIVE_ARCH = YES;
				SDKROOT = iphoneos;
				SWIFT_ACTIVE_COMPILATION_CONDITIONS = DEBUG;
				SWIFT_OPTIMIZATION_LEVEL = "-Onone";
			};
			name = Debug;
		};
		CE2A30AD280D5F5C0013E5FF /* Release */ = {
			isa = XCBuildConfiguration;
			buildSettings = {
				ALWAYS_SEARCH_USER_PATHS = NO;
				CLANG_ANALYZER_NONNULL = YES;
				CLANG_ANALYZER_NUMBER_OBJECT_CONVERSION = YES_AGGRESSIVE;
				CLANG_CXX_LANGUAGE_STANDARD = "gnu++17";
				CLANG_ENABLE_MODULES = YES;
				CLANG_ENABLE_OBJC_ARC = YES;
				CLANG_ENABLE_OBJC_WEAK = YES;
				CLANG_WARN_BLOCK_CAPTURE_AUTORELEASING = YES;
				CLANG_WARN_BOOL_CONVERSION = YES;
				CLANG_WARN_COMMA = YES;
				CLANG_WARN_CONSTANT_CONVERSION = YES;
				CLANG_WARN_DEPRECATED_OBJC_IMPLEMENTATIONS = YES;
				CLANG_WARN_DIRECT_OBJC_ISA_USAGE = YES_ERROR;
				CLANG_WARN_DOCUMENTATION_COMMENTS = YES;
				CLANG_WARN_EMPTY_BODY = YES;
				CLANG_WARN_ENUM_CONVERSION = YES;
				CLANG_WARN_INFINITE_RECURSION = YES;
				CLANG_WARN_INT_CONVERSION = YES;
				CLANG_WARN_NON_LITERAL_NULL_CONVERSION = YES;
				CLANG_WARN_OBJC_IMPLICIT_RETAIN_SELF = YES;
				CLANG_WARN_OBJC_LITERAL_CONVERSION = YES;
				CLANG_WARN_OBJC_ROOT_CLASS = YES_ERROR;
				CLANG_WARN_QUOTED_INCLUDE_IN_FRAMEWORK_HEADER = YES;
				CLANG_WARN_RANGE_LOOP_ANALYSIS = YES;
				CLANG_WARN_STRICT_PROTOTYPES = YES;
				CLANG_WARN_SUSPICIOUS_MOVE = YES;
				CLANG_WARN_UNGUARDED_AVAILABILITY = YES_AGGRESSIVE;
				CLANG_WARN_UNREACHABLE_CODE = YES;
				CLANG_WARN__DUPLICATE_METHOD_MATCH = YES;
				COPY_PHASE_STRIP = NO;
				DEBUG_INFORMATION_FORMAT = "dwarf-with-dsym";
				ENABLE_NS_ASSERTIONS = NO;
				ENABLE_STRICT_OBJC_MSGSEND = YES;
				GCC_C_LANGUAGE_STANDARD = gnu11;
				GCC_NO_COMMON_BLOCKS = YES;
				GCC_WARN_64_TO_32_BIT_CONVERSION = YES;
				GCC_WARN_ABOUT_RETURN_TYPE = YES_ERROR;
				GCC_WARN_UNDECLARED_SELECTOR = YES;
				GCC_WARN_UNINITIALIZED_AUTOS = YES_AGGRESSIVE;
				GCC_WARN_UNUSED_FUNCTION = YES;
				GCC_WARN_UNUSED_VARIABLE = YES;
				IPHONEOS_DEPLOYMENT_TARGET = 15.4;
				MTL_ENABLE_DEBUG_INFO = NO;
				MTL_FAST_MATH = YES;
				SDKROOT = iphoneos;
				SWIFT_COMPILATION_MODE = wholemodule;
				SWIFT_OPTIMIZATION_LEVEL = "-O";
				VALIDATE_PRODUCT = YES;
			};
			name = Release;
		};
		CE2A30AF280D5F5C0013E5FF /* Debug */ = {
			isa = XCBuildConfiguration;
			buildSettings = {
				ASSETCATALOG_COMPILER_APPICON_NAME = AppIcon;
				ASSETCATALOG_COMPILER_GLOBAL_ACCENT_COLOR_NAME = AccentColor;
				CODE_SIGN_STYLE = Automatic;
				CURRENT_PROJECT_VERSION = 1;
				GENERATE_INFOPLIST_FILE = YES;
				INFOPLIST_FILE = buttonPractice2/Info.plist;
				INFOPLIST_KEY_UIApplicationSupportsIndirectInputEvents = YES;
				INFOPLIST_KEY_UILaunchStoryboardName = LaunchScreen;
				INFOPLIST_KEY_UIMainStoryboardFile = Main;
				INFOPLIST_KEY_UISupportedInterfaceOrientations_iPad = "UIInterfaceOrientationPortrait UIInterfaceOrientationPortraitUpsideDown UIInterfaceOrientationLandscapeLeft UIInterfaceOrientationLandscapeRight";
				INFOPLIST_KEY_UISupportedInterfaceOrientations_iPhone = "UIInterfaceOrientationPortrait UIInterfaceOrientationLandscapeLeft UIInterfaceOrientationLandscapeRight";
				LD_RUNPATH_SEARCH_PATHS = (
					"$(inherited)",
					"@executable_path/Frameworks",
				);
				MARKETING_VERSION = 1.0;
				PRODUCT_BUNDLE_IDENTIFIER = com.jatinK.buttonPractice2;
				PRODUCT_NAME = "$(TARGET_NAME)";
				SWIFT_EMIT_LOC_STRINGS = YES;
				SWIFT_VERSION = 5.0;
				TARGETED_DEVICE_FAMILY = "1,2";
			};
			name = Debug;
		};
		CE2A30B0280D5F5C0013E5FF /* Release */ = {
			isa = XCBuildConfiguration;
			buildSettings = {
				ASSETCATALOG_COMPILER_APPICON_NAME = AppIcon;
				ASSETCATALOG_COMPILER_GLOBAL_ACCENT_COLOR_NAME = AccentColor;
				CODE_SIGN_STYLE = Automatic;
				CURRENT_PROJECT_VERSION = 1;
				GENERATE_INFOPLIST_FILE = YES;
				INFOPLIST_FILE = buttonPractice2/Info.plist;
				INFOPLIST_KEY_UIApplicationSupportsIndirectInputEvents = YES;
				INFOPLIST_KEY_UILaunchStoryboardName = LaunchScreen;
				INFOPLIST_KEY_UIMainStoryboardFile = Main;
				INFOPLIST_KEY_UISupportedInterfaceOrientations_iPad = "UIInterfaceOrientationPortrait UIInterfaceOrientationPortraitUpsideDown UIInterfaceOrientationLandscapeLeft UIInterfaceOrientationLandscapeRight";
				INFOPLIST_KEY_UISupportedInterfaceOrientations_iPhone = "UIInterfaceOrientationPortrait UIInterfaceOrientationLandscapeLeft UIInterfaceOrientationLandscapeRight";
				LD_RUNPATH_SEARCH_PATHS = (
					"$(inherited)",
					"@executable_path/Frameworks",
				);
				MARKETING_VERSION = 1.0;
				PRODUCT_BUNDLE_IDENTIFIER = com.jatinK.buttonPractice2;
				PRODUCT_NAME = "$(TARGET_NAME)";
				SWIFT_EMIT_LOC_STRINGS = YES;
				SWIFT_VERSION = 5.0;
				TARGETED_DEVICE_FAMILY = "1,2";
			};
			name = Release;
		};
		CE2A30B2280D5F5C0013E5FF /* Debug */ = {
			isa = XCBuildConfiguration;
			buildSettings = {
				ALWAYS_EMBED_SWIFT_STANDARD_LIBRARIES = YES;
				BUNDLE_LOADER = "$(TEST_HOST)";
				CODE_SIGN_STYLE = Automatic;
				CURRENT_PROJECT_VERSION = 1;
				GENERATE_INFOPLIST_FILE = YES;
				IPHONEOS_DEPLOYMENT_TARGET = 15.4;
				MARKETING_VERSION = 1.0;
				PRODUCT_BUNDLE_IDENTIFIER = com.jatinK.buttonPractice2Tests;
				PRODUCT_NAME = "$(TARGET_NAME)";
				SWIFT_EMIT_LOC_STRINGS = NO;
				SWIFT_VERSION = 5.0;
				TARGETED_DEVICE_FAMILY = "1,2";
				TEST_HOST = "$(BUILT_PRODUCTS_DIR)/buttonPractice2.app/buttonPractice2";
			};
			name = Debug;
		};
		CE2A30B3280D5F5C0013E5FF /* Release */ = {
			isa = XCBuildConfiguration;
			buildSettings = {
				ALWAYS_EMBED_SWIFT_STANDARD_LIBRARIES = YES;
				BUNDLE_LOADER = "$(TEST_HOST)";
				CODE_SIGN_STYLE = Automatic;
				CURRENT_PROJECT_VERSION = 1;
				GENERATE_INFOPLIST_FILE = YES;
				IPHONEOS_DEPLOYMENT_TARGET = 15.4;
				MARKETING_VERSION = 1.0;
				PRODUCT_BUNDLE_IDENTIFIER = com.jatinK.buttonPractice2Tests;
				PRODUCT_NAME = "$(TARGET_NAME)";
				SWIFT_EMIT_LOC_STRINGS = NO;
				SWIFT_VERSION = 5.0;
				TARGETED_DEVICE_FAMILY = "1,2";
				TEST_HOST = "$(BUILT_PRODUCTS_DIR)/buttonPractice2.app/buttonPractice2";
			};
			name = Release;
		};
		CE2A30B5280D5F5C0013E5FF /* Debug */ = {
			isa = XCBuildConfiguration;
			buildSettings = {
				ALWAYS_EMBED_SWIFT_STANDARD_LIBRARIES = YES;
				CODE_SIGN_STYLE = Automatic;
				CURRENT_PROJECT_VERSION = 1;
				GENERATE_INFOPLIST_FILE = YES;
				MARKETING_VERSION = 1.0;
				PRODUCT_BUNDLE_IDENTIFIER = com.jatinK.buttonPractice2UITests;
				PRODUCT_NAME = "$(TARGET_NAME)";
				SWIFT_EMIT_LOC_STRINGS = NO;
				SWIFT_VERSION = 5.0;
				TARGETED_DEVICE_FAMILY = "1,2";
				TEST_TARGET_NAME = buttonPractice2;
			};
			name = Debug;
		};
		CE2A30B6280D5F5C0013E5FF /* Release */ = {
			isa = XCBuildConfiguration;
			buildSettings = {
				ALWAYS_EMBED_SWIFT_STANDARD_LIBRARIES = YES;
				CODE_SIGN_STYLE = Automatic;
				CURRENT_PROJECT_VERSION = 1;
				GENERATE_INFOPLIST_FILE = YES;
				MARKETING_VERSION = 1.0;
				PRODUCT_BUNDLE_IDENTIFIER = com.jatinK.buttonPractice2UITests;
				PRODUCT_NAME = "$(TARGET_NAME)";
				SWIFT_EMIT_LOC_STRINGS = NO;
				SWIFT_VERSION = 5.0;
				TARGETED_DEVICE_FAMILY = "1,2";
				TEST_TARGET_NAME = buttonPractice2;
			};
			name = Release;
		};
/* End XCBuildConfiguration section */

/* Begin XCConfigurationList section */
		CE2A307F280D5F5A0013E5FF /* Build configuration list for PBXProject "buttonPractice2" */ = {
			isa = XCConfigurationList;
			buildConfigurations = (
				CE2A30AC280D5F5C0013E5FF /* Debug */,
				CE2A30AD280D5F5C0013E5FF /* Release */,
			);
			defaultConfigurationIsVisible = 0;
			defaultConfigurationName = Release;
		};
		CE2A30AE280D5F5C0013E5FF /* Build configuration list for PBXNativeTarget "buttonPractice2" */ = {
			isa = XCConfigurationList;
			buildConfigurations = (
				CE2A30AF280D5F5C0013E5FF /* Debug */,
				CE2A30B0280D5F5C0013E5FF /* Release */,
			);
			defaultConfigurationIsVisible = 0;
			defaultConfigurationName = Release;
		};
		CE2A30B1280D5F5C0013E5FF /* Build configuration list for PBXNativeTarget "buttonPractice2Tests" */ = {
			isa = XCConfigurationList;
			buildConfigurations = (
				CE2A30B2280D5F5C0013E5FF /* Debug */,
				CE2A30B3280D5F5C0013E5FF /* Release */,
			);
			defaultConfigurationIsVisible = 0;
			defaultConfigurationName = Release;
		};
		CE2A30B4280D5F5C0013E5FF /* Build configuration list for PBXNativeTarget "buttonPractice2UITests" */ = {
			isa = XCConfigurationList;
			buildConfigurations = (
				CE2A30B5280D5F5C0013E5FF /* Debug */,
				CE2A30B6280D5F5C0013E5FF /* Release */,
			);
			defaultConfigurationIsVisible = 0;
			defaultConfigurationName = Release;
		};
/* End XCConfigurationList section */
	};
	rootObject = CE2A307C280D5F5A0013E5FF /* Project object */;
}
