// !$*UTF8*$!
{
	archiveVersion = 1;
	classes = {
	};
	objectVersion = 55;
	objects = {

/* Begin PBXBuildFile section */
		CE2A31F0281162D70013E5FF /* AppDelegate.swift in Sources */ = {isa = PBXBuildFile; fileRef = CE2A31EF281162D70013E5FF /* AppDelegate.swift */; };
		CE2A31F2281162D70013E5FF /* SceneDelegate.swift in Sources */ = {isa = PBXBuildFile; fileRef = CE2A31F1281162D70013E5FF /* SceneDelegate.swift */; };
		CE2A31F4281162D70013E5FF /* ViewController.swift in Sources */ = {isa = PBXBuildFile; fileRef = CE2A31F3281162D70013E5FF /* ViewController.swift */; };
		CE2A31F7281162D70013E5FF /* Main.storyboard in Resources */ = {isa = PBXBuildFile; fileRef = CE2A31F5281162D70013E5FF /* Main.storyboard */; };
		CE2A31F9281162D90013E5FF /* Assets.xcassets in Resources */ = {isa = PBXBuildFile; fileRef = CE2A31F8281162D90013E5FF /* Assets.xcassets */; };
		CE2A31FC281162D90013E5FF /* LaunchScreen.storyboard in Resources */ = {isa = PBXBuildFile; fileRef = CE2A31FA281162D90013E5FF /* LaunchScreen.storyboard */; };
		CE2A3207281162DA0013E5FF /* switchTests.swift in Sources */ = {isa = PBXBuildFile; fileRef = CE2A3206281162DA0013E5FF /* switchTests.swift */; };
		CE2A3211281162DA0013E5FF /* switchUITests.swift in Sources */ = {isa = PBXBuildFile; fileRef = CE2A3210281162DA0013E5FF /* switchUITests.swift */; };
		CE2A3213281162DA0013E5FF /* switchUITestsLaunchTests.swift in Sources */ = {isa = PBXBuildFile; fileRef = CE2A3212281162DA0013E5FF /* switchUITestsLaunchTests.swift */; };
/* End PBXBuildFile section */

/* Begin PBXContainerItemProxy section */
		CE2A3203281162DA0013E5FF /* PBXContainerItemProxy */ = {
			isa = PBXContainerItemProxy;
			containerPortal = CE2A31E4281162D70013E5FF /* Project object */;
			proxyType = 1;
			remoteGlobalIDString = CE2A31EB281162D70013E5FF;
			remoteInfo = switch;
		};
		CE2A320D281162DA0013E5FF /* PBXContainerItemProxy */ = {
			isa = PBXContainerItemProxy;
			containerPortal = CE2A31E4281162D70013E5FF /* Project object */;
			proxyType = 1;
			remoteGlobalIDString = CE2A31EB281162D70013E5FF;
			remoteInfo = switch;
		};
/* End PBXContainerItemProxy section */

/* Begin PBXFileReference section */
		CE2A31EC281162D70013E5FF /* switch.app */ = {isa = PBXFileReference; explicitFileType = wrapper.application; includeInIndex = 0; path = switch.app; sourceTree = BUILT_PRODUCTS_DIR; };
		CE2A31EF281162D70013E5FF /* AppDelegate.swift */ = {isa = PBXFileReference; lastKnownFileType = sourcecode.swift; path = AppDelegate.swift; sourceTree = "<group>"; };
		CE2A31F1281162D70013E5FF /* SceneDelegate.swift */ = {isa = PBXFileReference; lastKnownFileType = sourcecode.swift; path = SceneDelegate.swift; sourceTree = "<group>"; };
		CE2A31F3281162D70013E5FF /* ViewController.swift */ = {isa = PBXFileReference; lastKnownFileType = sourcecode.swift; path = ViewController.swift; sourceTree = "<group>"; };
		CE2A31F6281162D70013E5FF /* Base */ = {isa = PBXFileReference; lastKnownFileType = file.storyboard; name = Base; path = Base.lproj/Main.storyboard; sourceTree = "<group>"; };
		CE2A31F8281162D90013E5FF /* Assets.xcassets */ = {isa = PBXFileReference; lastKnownFileType = folder.assetcatalog; path = Assets.xcassets; sourceTree = "<group>"; };
		CE2A31FB281162D90013E5FF /* Base */ = {isa = PBXFileReference; lastKnownFileType = file.storyboard; name = Base; path = Base.lproj/LaunchScreen.storyboard; sourceTree = "<group>"; };
		CE2A31FD281162D90013E5FF /* Info.plist */ = {isa = PBXFileReference; lastKnownFileType = text.plist.xml; path = Info.plist; sourceTree = "<group>"; };
		CE2A3202281162DA0013E5FF /* switchTests.xctest */ = {isa = PBXFileReference; explicitFileType = wrapper.cfbundle; includeInIndex = 0; path = switchTests.xctest; sourceTree = BUILT_PRODUCTS_DIR; };
		CE2A3206281162DA0013E5FF /* switchTests.swift */ = {isa = PBXFileReference; lastKnownFileType = sourcecode.swift; path = switchTests.swift; sourceTree = "<group>"; };
		CE2A320C281162DA0013E5FF /* switchUITests.xctest */ = {isa = PBXFileReference; explicitFileType = wrapper.cfbundle; includeInIndex = 0; path = switchUITests.xctest; sourceTree = BUILT_PRODUCTS_DIR; };
		CE2A3210281162DA0013E5FF /* switchUITests.swift */ = {isa = PBXFileReference; lastKnownFileType = sourcecode.swift; path = switchUITests.swift; sourceTree = "<group>"; };
		CE2A3212281162DA0013E5FF /* switchUITestsLaunchTests.swift */ = {isa = PBXFileReference; lastKnownFileType = sourcecode.swift; path = switchUITestsLaunchTests.swift; sourceTree = "<group>"; };
/* End PBXFileReference section */

/* Begin PBXFrameworksBuildPhase section */
		CE2A31E9281162D70013E5FF /* Frameworks */ = {
			isa = PBXFrameworksBuildPhase;
			buildActionMask = 2147483647;
			files = (
			);
			runOnlyForDeploymentPostprocessing = 0;
		};
		CE2A31FF281162DA0013E5FF /* Frameworks */ = {
			isa = PBXFrameworksBuildPhase;
			buildActionMask = 2147483647;
			files = (
			);
			runOnlyForDeploymentPostprocessing = 0;
		};
		CE2A3209281162DA0013E5FF /* Frameworks */ = {
			isa = PBXFrameworksBuildPhase;
			buildActionMask = 2147483647;
			files = (
			);
			runOnlyForDeploymentPostprocessing = 0;
		};
/* End PBXFrameworksBuildPhase section */

/* Begin PBXGroup section */
		CE2A31E3281162D70013E5FF = {
			isa = PBXGroup;
			children = (
				CE2A31EE281162D70013E5FF /* switch */,
				CE2A3205281162DA0013E5FF /* switchTests */,
				CE2A320F281162DA0013E5FF /* switchUITests */,
				CE2A31ED281162D70013E5FF /* Products */,
			);
			sourceTree = "<group>";
		};
		CE2A31ED281162D70013E5FF /* Products */ = {
			isa = PBXGroup;
			children = (
				CE2A31EC281162D70013E5FF /* switch.app */,
				CE2A3202281162DA0013E5FF /* switchTests.xctest */,
				CE2A320C281162DA0013E5FF /* switchUITests.xctest */,
			);
			name = Products;
			sourceTree = "<group>";
		};
		CE2A31EE281162D70013E5FF /* switch */ = {
			isa = PBXGroup;
			children = (
				CE2A31EF281162D70013E5FF /* AppDelegate.swift */,
				CE2A31F1281162D70013E5FF /* SceneDelegate.swift */,
				CE2A31F3281162D70013E5FF /* ViewController.swift */,
				CE2A31F5281162D70013E5FF /* Main.storyboard */,
				CE2A31F8281162D90013E5FF /* Assets.xcassets */,
				CE2A31FA281162D90013E5FF /* LaunchScreen.storyboard */,
				CE2A31FD281162D90013E5FF /* Info.plist */,
			);
			path = switch;
			sourceTree = "<group>";
		};
		CE2A3205281162DA0013E5FF /* switchTests */ = {
			isa = PBXGroup;
			children = (
				CE2A3206281162DA0013E5FF /* switchTests.swift */,
			);
			path = switchTests;
			sourceTree = "<group>";
		};
		CE2A320F281162DA0013E5FF /* switchUITests */ = {
			isa = PBXGroup;
			children = (
				CE2A3210281162DA0013E5FF /* switchUITests.swift */,
				CE2A3212281162DA0013E5FF /* switchUITestsLaunchTests.swift */,
			);
			path = switchUITests;
			sourceTree = "<group>";
		};
/* End PBXGroup section */

/* Begin PBXNativeTarget section */
		CE2A31EB281162D70013E5FF /* switch */ = {
			isa = PBXNativeTarget;
			buildConfigurationList = CE2A3216281162DA0013E5FF /* Build configuration list for PBXNativeTarget "switch" */;
			buildPhases = (
				CE2A31E8281162D70013E5FF /* Sources */,
				CE2A31E9281162D70013E5FF /* Frameworks */,
				CE2A31EA281162D70013E5FF /* Resources */,
			);
			buildRules = (
			);
			dependencies = (
			);
			name = switch;
			productName = switch;
			productReference = CE2A31EC281162D70013E5FF /* switch.app */;
			productType = "com.apple.product-type.application";
		};
		CE2A3201281162DA0013E5FF /* switchTests */ = {
			isa = PBXNativeTarget;
			buildConfigurationList = CE2A3219281162DA0013E5FF /* Build configuration list for PBXNativeTarget "switchTests" */;
			buildPhases = (
				CE2A31FE281162DA0013E5FF /* Sources */,
				CE2A31FF281162DA0013E5FF /* Frameworks */,
				CE2A3200281162DA0013E5FF /* Resources */,
			);
			buildRules = (
			);
			dependencies = (
				CE2A3204281162DA0013E5FF /* PBXTargetDependency */,
			);
			name = switchTests;
			productName = switchTests;
			productReference = CE2A3202281162DA0013E5FF /* switchTests.xctest */;
			productType = "com.apple.product-type.bundle.unit-test";
		};
		CE2A320B281162DA0013E5FF /* switchUITests */ = {
			isa = PBXNativeTarget;
			buildConfigurationList = CE2A321C281162DA0013E5FF /* Build configuration list for PBXNativeTarget "switchUITests" */;
			buildPhases = (
				CE2A3208281162DA0013E5FF /* Sources */,
				CE2A3209281162DA0013E5FF /* Frameworks */,
				CE2A320A281162DA0013E5FF /* Resources */,
			);
			buildRules = (
			);
			dependencies = (
				CE2A320E281162DA0013E5FF /* PBXTargetDependency */,
			);
			name = switchUITests;
			productName = switchUITests;
			productReference = CE2A320C281162DA0013E5FF /* switchUITests.xctest */;
			productType = "com.apple.product-type.bundle.ui-testing";
		};
/* End PBXNativeTarget section */

/* Begin PBXProject section */
		CE2A31E4281162D70013E5FF /* Project object */ = {
			isa = PBXProject;
			attributes = {
				BuildIndependentTargetsInParallel = 1;
				LastSwiftUpdateCheck = 1330;
				LastUpgradeCheck = 1330;
				TargetAttributes = {
					CE2A31EB281162D70013E5FF = {
						CreatedOnToolsVersion = 13.3;
					};
					CE2A3201281162DA0013E5FF = {
						CreatedOnToolsVersion = 13.3;
						TestTargetID = CE2A31EB281162D70013E5FF;
					};
					CE2A320B281162DA0013E5FF = {
						CreatedOnToolsVersion = 13.3;
						TestTargetID = CE2A31EB281162D70013E5FF;
					};
				};
			};
			buildConfigurationList = CE2A31E7281162D70013E5FF /* Build configuration list for PBXProject "switch" */;
			compatibilityVersion = "Xcode 13.0";
			developmentRegion = en;
			hasScannedForEncodings = 0;
			knownRegions = (
				en,
				Base,
			);
			mainGroup = CE2A31E3281162D70013E5FF;
			productRefGroup = CE2A31ED281162D70013E5FF /* Products */;
			projectDirPath = "";
			projectRoot = "";
			targets = (
				CE2A31EB281162D70013E5FF /* switch */,
				CE2A3201281162DA0013E5FF /* switchTests */,
				CE2A320B281162DA0013E5FF /* switchUITests */,
			);
		};
/* End PBXProject section */

/* Begin PBXResourcesBuildPhase section */
		CE2A31EA281162D70013E5FF /* Resources */ = {
			isa = PBXResourcesBuildPhase;
			buildActionMask = 2147483647;
			files = (
				CE2A31FC281162D90013E5FF /* LaunchScreen.storyboard in Resources */,
				CE2A31F9281162D90013E5FF /* Assets.xcassets in Resources */,
				CE2A31F7281162D70013E5FF /* Main.storyboard in Resources */,
			);
			runOnlyForDeploymentPostprocessing = 0;
		};
		CE2A3200281162DA0013E5FF /* Resources */ = {
			isa = PBXResourcesBuildPhase;
			buildActionMask = 2147483647;
			files = (
			);
			runOnlyForDeploymentPostprocessing = 0;
		};
		CE2A320A281162DA0013E5FF /* Resources */ = {
			isa = PBXResourcesBuildPhase;
			buildActionMask = 2147483647;
			files = (
			);
			runOnlyForDeploymentPostprocessing = 0;
		};
/* End PBXResourcesBuildPhase section */

/* Begin PBXSourcesBuildPhase section */
		CE2A31E8281162D70013E5FF /* Sources */ = {
			isa = PBXSourcesBuildPhase;
			buildActionMask = 2147483647;
			files = (
				CE2A31F4281162D70013E5FF /* ViewController.swift in Sources */,
				CE2A31F0281162D70013E5FF /* AppDelegate.swift in Sources */,
				CE2A31F2281162D70013E5FF /* SceneDelegate.swift in Sources */,
			);
			runOnlyForDeploymentPostprocessing = 0;
		};
		CE2A31FE281162DA0013E5FF /* Sources */ = {
			isa = PBXSourcesBuildPhase;
			buildActionMask = 2147483647;
			files = (
				CE2A3207281162DA0013E5FF /* switchTests.swift in Sources */,
			);
			runOnlyForDeploymentPostprocessing = 0;
		};
		CE2A3208281162DA0013E5FF /* Sources */ = {
			isa = PBXSourcesBuildPhase;
			buildActionMask = 2147483647;
			files = (
				CE2A3213281162DA0013E5FF /* switchUITestsLaunchTests.swift in Sources */,
				CE2A3211281162DA0013E5FF /* switchUITests.swift in Sources */,
			);
			runOnlyForDeploymentPostprocessing = 0;
		};
/* End PBXSourcesBuildPhase section */

/* Begin PBXTargetDependency section */
		CE2A3204281162DA0013E5FF /* PBXTargetDependency */ = {
			isa = PBXTargetDependency;
			target = CE2A31EB281162D70013E5FF /* switch */;
			targetProxy = CE2A3203281162DA0013E5FF /* PBXContainerItemProxy */;
		};
		CE2A320E281162DA0013E5FF /* PBXTargetDependency */ = {
			isa = PBXTargetDependency;
			target = CE2A31EB281162D70013E5FF /* switch */;
			targetProxy = CE2A320D281162DA0013E5FF /* PBXContainerItemProxy */;
		};
/* End PBXTargetDependency section */

/* Begin PBXVariantGroup section */
		CE2A31F5281162D70013E5FF /* Main.storyboard */ = {
			isa = PBXVariantGroup;
			children = (
				CE2A31F6281162D70013E5FF /* Base */,
			);
			name = Main.storyboard;
			sourceTree = "<group>";
		};
		CE2A31FA281162D90013E5FF /* LaunchScreen.storyboard */ = {
			isa = PBXVariantGroup;
			children = (
				CE2A31FB281162D90013E5FF /* Base */,
			);
			name = LaunchScreen.storyboard;
			sourceTree = "<group>";
		};
/* End PBXVariantGroup section */

/* Begin XCBuildConfiguration section */
		CE2A3214281162DA0013E5FF /* Debug */ = {
			isa = XCBuildConfiguration;
			buildSettings = {
				ALWAYS_SEARCH_USER_PATHS = NO;
				CLANG_ANALYZER_NONNULL = YES;
				CLANG_ANALYZER_NUMBER_OBJECT_CONVERSION = YES_AGGRESSIVE;
				CLANG_CXX_LANGUAGE_STANDARD = "gnu++17";
				CLANG_ENABLE_MODULES = YES;
				CLANG_ENABLE_OBJC_ARC = YES;
				CLANG_ENABLE_OBJC_WEAK = YES;
				CLANG_WARN_BLOCK_CAPTURE_AUTORELEASING = YES;
				CLANG_WARN_BOOL_CONVERSION = YES;
				CLANG_WARN_COMMA = YES;
				CLANG_WARN_CONSTANT_CONVERSION = YES;
				CLANG_WARN_DEPRECATED_OBJC_IMPLEMENTATIONS = YES;
				CLANG_WARN_DIRECT_OBJC_ISA_USAGE = YES_ERROR;
				CLANG_WARN_DOCUMENTATION_COMMENTS = YES;
				CLANG_WARN_EMPTY_BODY = YES;
				CLANG_WARN_ENUM_CONVERSION = YES;
				CLANG_WARN_INFINITE_RECURSION = YES;
				CLANG_WARN_INT_CONVERSION = YES;
				CLANG_WARN_NON_LITERAL_NULL_CONVERSION = YES;
				CLANG_WARN_OBJC_IMPLICIT_RETAIN_SELF = YES;
				CLANG_WARN_OBJC_LITERAL_CONVERSION = YES;
				CLANG_WARN_OBJC_ROOT_CLASS = YES_ERROR;
				CLANG_WARN_QUOTED_INCLUDE_IN_FRAMEWORK_HEADER = YES;
				CLANG_WARN_RANGE_LOOP_ANALYSIS = YES;
				CLANG_WARN_STRICT_PROTOTYPES = YES;
				CLANG_WARN_SUSPICIOUS_MOVE = YES;
				CLANG_WARN_UNGUARDED_AVAILABILITY = YES_AGGRESSIVE;
				CLANG_WARN_UNREACHABLE_CODE = YES;
				CLANG_WARN__DUPLICATE_METHOD_MATCH = YES;
				COPY_PHASE_STRIP = NO;
				DEBUG_INFORMATION_FORMAT = dwarf;
				ENABLE_STRICT_OBJC_MSGSEND = YES;
				ENABLE_TESTABILITY = YES;
				GCC_C_LANGUAGE_STANDARD = gnu11;
				GCC_DYNAMIC_NO_PIC = NO;
				GCC_NO_COMMON_BLOCKS = YES;
				GCC_OPTIMIZATION_LEVEL = 0;
				GCC_PREPROCESSOR_DEFINITIONS = (
					"DEBUG=1",
					"$(inherited)",
				);
				GCC_WARN_64_TO_32_BIT_CONVERSION = YES;
				GCC_WARN_ABOUT_RETURN_TYPE = YES_ERROR;
				GCC_WARN_UNDECLARED_SELECTOR = YES;
				GCC_WARN_UNINITIALIZED_AUTOS = YES_AGGRESSIVE;
				GCC_WARN_UNUSED_FUNCTION = YES;
				GCC_WARN_UNUSED_VARIABLE = YES;
				IPHONEOS_DEPLOYMENT_TARGET = 15.4;
				MTL_ENABLE_DEBUG_INFO = INCLUDE_SOURCE;
				MTL_FAST_MATH = YES;
				ONLY_ACTIVE_ARCH = YES;
				SDKROOT = iphoneos;
				SWIFT_ACTIVE_COMPILATION_CONDITIONS = DEBUG;
				SWIFT_OPTIMIZATION_LEVEL = "-Onone";
			};
			name = Debug;
		};
		CE2A3215281162DA0013E5FF /* Release */ = {
			isa = XCBuildConfiguration;
			buildSettings = {
				ALWAYS_SEARCH_USER_PATHS = NO;
				CLANG_ANALYZER_NONNULL = YES;
				CLANG_ANALYZER_NUMBER_OBJECT_CONVERSION = YES_AGGRESSIVE;
				CLANG_CXX_LANGUAGE_STANDARD = "gnu++17";
				CLANG_ENABLE_MODULES = YES;
				CLANG_ENABLE_OBJC_ARC = YES;
				CLANG_ENABLE_OBJC_WEAK = YES;
				CLANG_WARN_BLOCK_CAPTURE_AUTORELEASING = YES;
				CLANG_WARN_BOOL_CONVERSION = YES;
				CLANG_WARN_COMMA = YES;
				CLANG_WARN_CONSTANT_CONVERSION = YES;
				CLANG_WARN_DEPRECATED_OBJC_IMPLEMENTATIONS = YES;
				CLANG_WARN_DIRECT_OBJC_ISA_USAGE = YES_ERROR;
				CLANG_WARN_DOCUMENTATION_COMMENTS = YES;
				CLANG_WARN_EMPTY_BODY = YES;
				CLANG_WARN_ENUM_CONVERSION = YES;
				CLANG_WARN_INFINITE_RECURSION = YES;
				CLANG_WARN_INT_CONVERSION = YES;
				CLANG_WARN_NON_LITERAL_NULL_CONVERSION = YES;
				CLANG_WARN_OBJC_IMPLICIT_RETAIN_SELF = YES;
				CLANG_WARN_OBJC_LITERAL_CONVERSION = YES;
				CLANG_WARN_OBJC_ROOT_CLASS = YES_ERROR;
				CLANG_WARN_QUOTED_INCLUDE_IN_FRAMEWORK_HEADER = YES;
				CLANG_WARN_RANGE_LOOP_ANALYSIS = YES;
				CLANG_WARN_STRICT_PROTOTYPES = YES;
				CLANG_WARN_SUSPICIOUS_MOVE = YES;
				CLANG_WARN_UNGUARDED_AVAILABILITY = YES_AGGRESSIVE;
				CLANG_WARN_UNREACHABLE_CODE = YES;
				CLANG_WARN__DUPLICATE_METHOD_MATCH = YES;
				COPY_PHASE_STRIP = NO;
				DEBUG_INFORMATION_FORMAT = "dwarf-with-dsym";
				ENABLE_NS_ASSERTIONS = NO;
				ENABLE_STRICT_OBJC_MSGSEND = YES;
				GCC_C_LANGUAGE_STANDARD = gnu11;
				GCC_NO_COMMON_BLOCKS = YES;
				GCC_WARN_64_TO_32_BIT_CONVERSION = YES;
				GCC_WARN_ABOUT_RETURN_TYPE = YES_ERROR;
				GCC_WARN_UNDECLARED_SELECTOR = YES;
				GCC_WARN_UNINITIALIZED_AUTOS = YES_AGGRESSIVE;
				GCC_WARN_UNUSED_FUNCTION = YES;
				GCC_WARN_UNUSED_VARIABLE = YES;
				IPHONEOS_DEPLOYMENT_TARGET = 15.4;
				MTL_ENABLE_DEBUG_INFO = NO;
				MTL_FAST_MATH = YES;
				SDKROOT = iphoneos;
				SWIFT_COMPILATION_MODE = wholemodule;
				SWIFT_OPTIMIZATION_LEVEL = "-O";
				VALIDATE_PRODUCT = YES;
			};
			name = Release;
		};
		CE2A3217281162DA0013E5FF /* Debug */ = {
			isa = XCBuildConfiguration;
			buildSettings = {
				ASSETCATALOG_COMPILER_APPICON_NAME = AppIcon;
				ASSETCATALOG_COMPILER_GLOBAL_ACCENT_COLOR_NAME = AccentColor;
				CODE_SIGN_STYLE = Automatic;
				CURRENT_PROJECT_VERSION = 1;
				GENERATE_INFOPLIST_FILE = YES;
				INFOPLIST_FILE = switch/Info.plist;
				INFOPLIST_KEY_UIApplicationSupportsIndirectInputEvents = YES;
				INFOPLIST_KEY_UILaunchStoryboardName = LaunchScreen;
				INFOPLIST_KEY_UIMainStoryboardFile = Main;
				INFOPLIST_KEY_UISupportedInterfaceOrientations_iPad = "UIInterfaceOrientationPortrait UIInterfaceOrientationPortraitUpsideDown UIInterfaceOrientationLandscapeLeft UIInterfaceOrientationLandscapeRight";
				INFOPLIST_KEY_UISupportedInterfaceOrientations_iPhone = "UIInterfaceOrientationPortrait UIInterfaceOrientationLandscapeLeft UIInterfaceOrientationLandscapeRight";
				LD_RUNPATH_SEARCH_PATHS = (
					"$(inherited)",
					"@executable_path/Frameworks",
				);
				MARKETING_VERSION = 1.0;
				PRODUCT_BUNDLE_IDENTIFIER = com.jatinK.switch;
				PRODUCT_NAME = "$(TARGET_NAME)";
				SWIFT_EMIT_LOC_STRINGS = YES;
				SWIFT_VERSION = 5.0;
				TARGETED_DEVICE_FAMILY = "1,2";
			};
			name = Debug;
		};
		CE2A3218281162DA0013E5FF /* Release */ = {
			isa = XCBuildConfiguration;
			buildSettings = {
				ASSETCATALOG_COMPILER_APPICON_NAME = AppIcon;
				ASSETCATALOG_COMPILER_GLOBAL_ACCENT_COLOR_NAME = AccentColor;
				CODE_SIGN_STYLE = Automatic;
				CURRENT_PROJECT_VERSION = 1;
				GENERATE_INFOPLIST_FILE = YES;
				INFOPLIST_FILE = switch/Info.plist;
				INFOPLIST_KEY_UIApplicationSupportsIndirectInputEvents = YES;
				INFOPLIST_KEY_UILaunchStoryboardName = LaunchScreen;
				INFOPLIST_KEY_UIMainStoryboardFile = Main;
				INFOPLIST_KEY_UISupportedInterfaceOrientations_iPad = "UIInterfaceOrientationPortrait UIInterfaceOrientationPortraitUpsideDown UIInterfaceOrientationLandscapeLeft UIInterfaceOrientationLandscapeRight";
				INFOPLIST_KEY_UISupportedInterfaceOrientations_iPhone = "UIInterfaceOrientationPortrait UIInterfaceOrientationLandscapeLeft UIInterfaceOrientationLandscapeRight";
				LD_RUNPATH_SEARCH_PATHS = (
					"$(inherited)",
					"@executable_path/Frameworks",
				);
				MARKETING_VERSION = 1.0;
				PRODUCT_BUNDLE_IDENTIFIER = com.jatinK.switch;
				PRODUCT_NAME = "$(TARGET_NAME)";
				SWIFT_EMIT_LOC_STRINGS = YES;
				SWIFT_VERSION = 5.0;
				TARGETED_DEVICE_FAMILY = "1,2";
			};
			name = Release;
		};
		CE2A321A281162DA0013E5FF /* Debug */ = {
			isa = XCBuildConfiguration;
			buildSettings = {
				ALWAYS_EMBED_SWIFT_STANDARD_LIBRARIES = YES;
				BUNDLE_LOADER = "$(TEST_HOST)";
				CODE_SIGN_STYLE = Automatic;
				CURRENT_PROJECT_VERSION = 1;
				GENERATE_INFOPLIST_FILE = YES;
				IPHONEOS_DEPLOYMENT_TARGET = 15.4;
				MARKETING_VERSION = 1.0;
				PRODUCT_BUNDLE_IDENTIFIER = com.jatinK.switchTests;
				PRODUCT_NAME = "$(TARGET_NAME)";
				SWIFT_EMIT_LOC_STRINGS = NO;
				SWIFT_VERSION = 5.0;
				TARGETED_DEVICE_FAMILY = "1,2";
				TEST_HOST = "$(BUILT_PRODUCTS_DIR)/switch.app/switch";
			};
			name = Debug;
		};
		CE2A321B281162DA0013E5FF /* Release */ = {
			isa = XCBuildConfiguration;
			buildSettings = {
				ALWAYS_EMBED_SWIFT_STANDARD_LIBRARIES = YES;
				BUNDLE_LOADER = "$(TEST_HOST)";
				CODE_SIGN_STYLE = Automatic;
				CURRENT_PROJECT_VERSION = 1;
				GENERATE_INFOPLIST_FILE = YES;
				IPHONEOS_DEPLOYMENT_TARGET = 15.4;
				MARKETING_VERSION = 1.0;
				PRODUCT_BUNDLE_IDENTIFIER = com.jatinK.switchTests;
				PRODUCT_NAME = "$(TARGET_NAME)";
				SWIFT_EMIT_LOC_STRINGS = NO;
				SWIFT_VERSION = 5.0;
				TARGETED_DEVICE_FAMILY = "1,2";
				TEST_HOST = "$(BUILT_PRODUCTS_DIR)/switch.app/switch";
			};
			name = Release;
		};
		CE2A321D281162DA0013E5FF /* Debug */ = {
			isa = XCBuildConfiguration;
			buildSettings = {
				ALWAYS_EMBED_SWIFT_STANDARD_LIBRARIES = YES;
				CODE_SIGN_STYLE = Automatic;
				CURRENT_PROJECT_VERSION = 1;
				GENERATE_INFOPLIST_FILE = YES;
				MARKETING_VERSION = 1.0;
				PRODUCT_BUNDLE_IDENTIFIER = com.jatinK.switchUITests;
				PRODUCT_NAME = "$(TARGET_NAME)";
				SWIFT_EMIT_LOC_STRINGS = NO;
				SWIFT_VERSION = 5.0;
				TARGETED_DEVICE_FAMILY = "1,2";
				TEST_TARGET_NAME = switch;
			};
			name = Debug;
		};
		CE2A321E281162DA0013E5FF /* Release */ = {
			isa = XCBuildConfiguration;
			buildSettings = {
				ALWAYS_EMBED_SWIFT_STANDARD_LIBRARIES = YES;
				CODE_SIGN_STYLE = Automatic;
				CURRENT_PROJECT_VERSION = 1;
				GENERATE_INFOPLIST_FILE = YES;
				MARKETING_VERSION = 1.0;
				PRODUCT_BUNDLE_IDENTIFIER = com.jatinK.switchUITests;
				PRODUCT_NAME = "$(TARGET_NAME)";
				SWIFT_EMIT_LOC_STRINGS = NO;
				SWIFT_VERSION = 5.0;
				TARGETED_DEVICE_FAMILY = "1,2";
				TEST_TARGET_NAME = switch;
			};
			name = Release;
		};
/* End XCBuildConfiguration section */

/* Begin XCConfigurationList section */
		CE2A31E7281162D70013E5FF /* Build configuration list for PBXProject "switch" */ = {
			isa = XCConfigurationList;
			buildConfigurations = (
				CE2A3214281162DA0013E5FF /* Debug */,
				CE2A3215281162DA0013E5FF /* Release */,
			);
			defaultConfigurationIsVisible = 0;
			defaultConfigurationName = Release;
		};
		CE2A3216281162DA0013E5FF /* Build configuration list for PBXNativeTarget "switch" */ = {
			isa = XCConfigurationList;
			buildConfigurations = (
				CE2A3217281162DA0013E5FF /* Debug */,
				CE2A3218281162DA0013E5FF /* Release */,
			);
			defaultConfigurationIsVisible = 0;
			defaultConfigurationName = Release;
		};
		CE2A3219281162DA0013E5FF /* Build configuration list for PBXNativeTarget "switchTests" */ = {
			isa = XCConfigurationList;
			buildConfigurations = (
				CE2A321A281162DA0013E5FF /* Debug */,
				CE2A321B281162DA0013E5FF /* Release */,
			);
			defaultConfigurationIsVisible = 0;
			defaultConfigurationName = Release;
		};
		CE2A321C281162DA0013E5FF /* Build configuration list for PBXNativeTarget "switchUITests" */ = {
			isa = XCConfigurationList;
			buildConfigurations = (
				CE2A321D281162DA0013E5FF /* Debug */,
				CE2A321E281162DA0013E5FF /* Release */,
			);
			defaultConfigurationIsVisible = 0;
			defaultConfigurationName = Release;
		};
/* End XCConfigurationList section */
	};
	rootObject = CE2A31E4281162D70013E5FF /* Project object */;
}
