// !$*UTF8*$!
{
	archiveVersion = 1;
	classes = {
	};
	objectVersion = 55;
	objects = {

/* Begin PBXBuildFile section */
		CE2A3100280EE4840013E5FF /* AppDelegate.swift in Sources */ = {isa = PBXBuildFile; fileRef = CE2A30FF280EE4840013E5FF /* AppDelegate.swift */; };
		CE2A3102280EE4840013E5FF /* SceneDelegate.swift in Sources */ = {isa = PBXBuildFile; fileRef = CE2A3101280EE4840013E5FF /* SceneDelegate.swift */; };
		CE2A3104280EE4840013E5FF /* ViewController.swift in Sources */ = {isa = PBXBuildFile; fileRef = CE2A3103280EE4840013E5FF /* ViewController.swift */; };
		CE2A3107280EE4840013E5FF /* Main.storyboard in Resources */ = {isa = PBXBuildFile; fileRef = CE2A3105280EE4840013E5FF /* Main.storyboard */; };
		CE2A3109280EE4870013E5FF /* Assets.xcassets in Resources */ = {isa = PBXBuildFile; fileRef = CE2A3108280EE4870013E5FF /* Assets.xcassets */; };
		CE2A310C280EE4870013E5FF /* LaunchScreen.storyboard in Resources */ = {isa = PBXBuildFile; fileRef = CE2A310A280EE4870013E5FF /* LaunchScreen.storyboard */; };
		CE2A3117280EE4870013E5FF /* activityIndicatorViewTests.swift in Sources */ = {isa = PBXBuildFile; fileRef = CE2A3116280EE4870013E5FF /* activityIndicatorViewTests.swift */; };
		CE2A3121280EE4870013E5FF /* activityIndicatorViewUITests.swift in Sources */ = {isa = PBXBuildFile; fileRef = CE2A3120280EE4870013E5FF /* activityIndicatorViewUITests.swift */; };
		CE2A3123280EE4870013E5FF /* activityIndicatorViewUITestsLaunchTests.swift in Sources */ = {isa = PBXBuildFile; fileRef = CE2A3122280EE4870013E5FF /* activityIndicatorViewUITestsLaunchTests.swift */; };
/* End PBXBuildFile section */

/* Begin PBXContainerItemProxy section */
		CE2A3113280EE4870013E5FF /* PBXContainerItemProxy */ = {
			isa = PBXContainerItemProxy;
			containerPortal = CE2A30F4280EE4840013E5FF /* Project object */;
			proxyType = 1;
			remoteGlobalIDString = CE2A30FB280EE4840013E5FF;
			remoteInfo = activityIndicatorView;
		};
		CE2A311D280EE4870013E5FF /* PBXContainerItemProxy */ = {
			isa = PBXContainerItemProxy;
			containerPortal = CE2A30F4280EE4840013E5FF /* Project object */;
			proxyType = 1;
			remoteGlobalIDString = CE2A30FB280EE4840013E5FF;
			remoteInfo = activityIndicatorView;
		};
/* End PBXContainerItemProxy section */

/* Begin PBXFileReference section */
		CE2A30FC280EE4840013E5FF /* activityIndicatorView.app */ = {isa = PBXFileReference; explicitFileType = wrapper.application; includeInIndex = 0; path = activityIndicatorView.app; sourceTree = BUILT_PRODUCTS_DIR; };
		CE2A30FF280EE4840013E5FF /* AppDelegate.swift */ = {isa = PBXFileReference; lastKnownFileType = sourcecode.swift; path = AppDelegate.swift; sourceTree = "<group>"; };
		CE2A3101280EE4840013E5FF /* SceneDelegate.swift */ = {isa = PBXFileReference; lastKnownFileType = sourcecode.swift; path = SceneDelegate.swift; sourceTree = "<group>"; };
		CE2A3103280EE4840013E5FF /* ViewController.swift */ = {isa = PBXFileReference; lastKnownFileType = sourcecode.swift; path = ViewController.swift; sourceTree = "<group>"; };
		CE2A3106280EE4840013E5FF /* Base */ = {isa = PBXFileReference; lastKnownFileType = file.storyboard; name = Base; path = Base.lproj/Main.storyboard; sourceTree = "<group>"; };
		CE2A3108280EE4870013E5FF /* Assets.xcassets */ = {isa = PBXFileReference; lastKnownFileType = folder.assetcatalog; path = Assets.xcassets; sourceTree = "<group>"; };
		CE2A310B280EE4870013E5FF /* Base */ = {isa = PBXFileReference; lastKnownFileType = file.storyboard; name = Base; path = Base.lproj/LaunchScreen.storyboard; sourceTree = "<group>"; };
		CE2A310D280EE4870013E5FF /* Info.plist */ = {isa = PBXFileReference; lastKnownFileType = text.plist.xml; path = Info.plist; sourceTree = "<group>"; };
		CE2A3112280EE4870013E5FF /* activityIndicatorViewTests.xctest */ = {isa = PBXFileReference; explicitFileType = wrapper.cfbundle; includeInIndex = 0; path = activityIndicatorViewTests.xctest; sourceTree = BUILT_PRODUCTS_DIR; };
		CE2A3116280EE4870013E5FF /* activityIndicatorViewTests.swift */ = {isa = PBXFileReference; lastKnownFileType = sourcecode.swift; path = activityIndicatorViewTests.swift; sourceTree = "<group>"; };
		CE2A311C280EE4870013E5FF /* activityIndicatorViewUITests.xctest */ = {isa = PBXFileReference; explicitFileType = wrapper.cfbundle; includeInIndex = 0; path = activityIndicatorViewUITests.xctest; sourceTree = BUILT_PRODUCTS_DIR; };
		CE2A3120280EE4870013E5FF /* activityIndicatorViewUITests.swift */ = {isa = PBXFileReference; lastKnownFileType = sourcecode.swift; path = activityIndicatorViewUITests.swift; sourceTree = "<group>"; };
		CE2A3122280EE4870013E5FF /* activityIndicatorViewUITestsLaunchTests.swift */ = {isa = PBXFileReference; lastKnownFileType = sourcecode.swift; path = activityIndicatorViewUITestsLaunchTests.swift; sourceTree = "<group>"; };
/* End PBXFileReference section */

/* Begin PBXFrameworksBuildPhase section */
		CE2A30F9280EE4840013E5FF /* Frameworks */ = {
			isa = PBXFrameworksBuildPhase;
			buildActionMask = 2147483647;
			files = (
			);
			runOnlyForDeploymentPostprocessing = 0;
		};
		CE2A310F280EE4870013E5FF /* Frameworks */ = {
			isa = PBXFrameworksBuildPhase;
			buildActionMask = 2147483647;
			files = (
			);
			runOnlyForDeploymentPostprocessing = 0;
		};
		CE2A3119280EE4870013E5FF /* Frameworks */ = {
			isa = PBXFrameworksBuildPhase;
			buildActionMask = 2147483647;
			files = (
			);
			runOnlyForDeploymentPostprocessing = 0;
		};
/* End PBXFrameworksBuildPhase section */

/* Begin PBXGroup section */
		CE2A30F3280EE4840013E5FF = {
			isa = PBXGroup;
			children = (
				CE2A30FE280EE4840013E5FF /* activityIndicatorView */,
				CE2A3115280EE4870013E5FF /* activityIndicatorViewTests */,
				CE2A311F280EE4870013E5FF /* activityIndicatorViewUITests */,
				CE2A30FD280EE4840013E5FF /* Products */,
			);
			sourceTree = "<group>";
		};
		CE2A30FD280EE4840013E5FF /* Products */ = {
			isa = PBXGroup;
			children = (
				CE2A30FC280EE4840013E5FF /* activityIndicatorView.app */,
				CE2A3112280EE4870013E5FF /* activityIndicatorViewTests.xctest */,
				CE2A311C280EE4870013E5FF /* activityIndicatorViewUITests.xctest */,
			);
			name = Products;
			sourceTree = "<group>";
		};
		CE2A30FE280EE4840013E5FF /* activityIndicatorView */ = {
			isa = PBXGroup;
			children = (
				CE2A30FF280EE4840013E5FF /* AppDelegate.swift */,
				CE2A3101280EE4840013E5FF /* SceneDelegate.swift */,
				CE2A3103280EE4840013E5FF /* ViewController.swift */,
				CE2A3105280EE4840013E5FF /* Main.storyboard */,
				CE2A3108280EE4870013E5FF /* Assets.xcassets */,
				CE2A310A280EE4870013E5FF /* LaunchScreen.storyboard */,
				CE2A310D280EE4870013E5FF /* Info.plist */,
			);
			path = activityIndicatorView;
			sourceTree = "<group>";
		};
		CE2A3115280EE4870013E5FF /* activityIndicatorViewTests */ = {
			isa = PBXGroup;
			children = (
				CE2A3116280EE4870013E5FF /* activityIndicatorViewTests.swift */,
			);
			path = activityIndicatorViewTests;
			sourceTree = "<group>";
		};
		CE2A311F280EE4870013E5FF /* activityIndicatorViewUITests */ = {
			isa = PBXGroup;
			children = (
				CE2A3120280EE4870013E5FF /* activityIndicatorViewUITests.swift */,
				CE2A3122280EE4870013E5FF /* activityIndicatorViewUITestsLaunchTests.swift */,
			);
			path = activityIndicatorViewUITests;
			sourceTree = "<group>";
		};
/* End PBXGroup section */

/* Begin PBXNativeTarget section */
		CE2A30FB280EE4840013E5FF /* activityIndicatorView */ = {
			isa = PBXNativeTarget;
			buildConfigurationList = CE2A3126280EE4870013E5FF /* Build configuration list for PBXNativeTarget "activityIndicatorView" */;
			buildPhases = (
				CE2A30F8280EE4840013E5FF /* Sources */,
				CE2A30F9280EE4840013E5FF /* Frameworks */,
				CE2A30FA280EE4840013E5FF /* Resources */,
			);
			buildRules = (
			);
			dependencies = (
			);
			name = activityIndicatorView;
			productName = activityIndicatorView;
			productReference = CE2A30FC280EE4840013E5FF /* activityIndicatorView.app */;
			productType = "com.apple.product-type.application";
		};
		CE2A3111280EE4870013E5FF /* activityIndicatorViewTests */ = {
			isa = PBXNativeTarget;
			buildConfigurationList = CE2A3129280EE4870013E5FF /* Build configuration list for PBXNativeTarget "activityIndicatorViewTests" */;
			buildPhases = (
				CE2A310E280EE4870013E5FF /* Sources */,
				CE2A310F280EE4870013E5FF /* Frameworks */,
				CE2A3110280EE4870013E5FF /* Resources */,
			);
			buildRules = (
			);
			dependencies = (
				CE2A3114280EE4870013E5FF /* PBXTargetDependency */,
			);
			name = activityIndicatorViewTests;
			productName = activityIndicatorViewTests;
			productReference = CE2A3112280EE4870013E5FF /* activityIndicatorViewTests.xctest */;
			productType = "com.apple.product-type.bundle.unit-test";
		};
		CE2A311B280EE4870013E5FF /* activityIndicatorViewUITests */ = {
			isa = PBXNativeTarget;
			buildConfigurationList = CE2A312C280EE4870013E5FF /* Build configuration list for PBXNativeTarget "activityIndicatorViewUITests" */;
			buildPhases = (
				CE2A3118280EE4870013E5FF /* Sources */,
				CE2A3119280EE4870013E5FF /* Frameworks */,
				CE2A311A280EE4870013E5FF /* Resources */,
			);
			buildRules = (
			);
			dependencies = (
				CE2A311E280EE4870013E5FF /* PBXTargetDependency */,
			);
			name = activityIndicatorViewUITests;
			productName = activityIndicatorViewUITests;
			productReference = CE2A311C280EE4870013E5FF /* activityIndicatorViewUITests.xctest */;
			productType = "com.apple.product-type.bundle.ui-testing";
		};
/* End PBXNativeTarget section */

/* Begin PBXProject section */
		CE2A30F4280EE4840013E5FF /* Project object */ = {
			isa = PBXProject;
			attributes = {
				BuildIndependentTargetsInParallel = 1;
				LastSwiftUpdateCheck = 1330;
				LastUpgradeCheck = 1330;
				TargetAttributes = {
					CE2A30FB280EE4840013E5FF = {
						CreatedOnToolsVersion = 13.3;
					};
					CE2A3111280EE4870013E5FF = {
						CreatedOnToolsVersion = 13.3;
						TestTargetID = CE2A30FB280EE4840013E5FF;
					};
					CE2A311B280EE4870013E5FF = {
						CreatedOnToolsVersion = 13.3;
						TestTargetID = CE2A30FB280EE4840013E5FF;
					};
				};
			};
			buildConfigurationList = CE2A30F7280EE4840013E5FF /* Build configuration list for PBXProject "activityIndicatorView" */;
			compatibilityVersion = "Xcode 13.0";
			developmentRegion = en;
			hasScannedForEncodings = 0;
			knownRegions = (
				en,
				Base,
			);
			mainGroup = CE2A30F3280EE4840013E5FF;
			productRefGroup = CE2A30FD280EE4840013E5FF /* Products */;
			projectDirPath = "";
			projectRoot = "";
			targets = (
				CE2A30FB280EE4840013E5FF /* activityIndicatorView */,
				CE2A3111280EE4870013E5FF /* activityIndicatorViewTests */,
				CE2A311B280EE4870013E5FF /* activityIndicatorViewUITests */,
			);
		};
/* End PBXProject section */

/* Begin PBXResourcesBuildPhase section */
		CE2A30FA280EE4840013E5FF /* Resources */ = {
			isa = PBXResourcesBuildPhase;
			buildActionMask = 2147483647;
			files = (
				CE2A310C280EE4870013E5FF /* LaunchScreen.storyboard in Resources */,
				CE2A3109280EE4870013E5FF /* Assets.xcassets in Resources */,
				CE2A3107280EE4840013E5FF /* Main.storyboard in Resources */,
			);
			runOnlyForDeploymentPostprocessing = 0;
		};
		CE2A3110280EE4870013E5FF /* Resources */ = {
			isa = PBXResourcesBuildPhase;
			buildActionMask = 2147483647;
			files = (
			);
			runOnlyForDeploymentPostprocessing = 0;
		};
		CE2A311A280EE4870013E5FF /* Resources */ = {
			isa = PBXResourcesBuildPhase;
			buildActionMask = 2147483647;
			files = (
			);
			runOnlyForDeploymentPostprocessing = 0;
		};
/* End PBXResourcesBuildPhase section */

/* Begin PBXSourcesBuildPhase section */
		CE2A30F8280EE4840013E5FF /* Sources */ = {
			isa = PBXSourcesBuildPhase;
			buildActionMask = 2147483647;
			files = (
				CE2A3104280EE4840013E5FF /* ViewController.swift in Sources */,
				CE2A3100280EE4840013E5FF /* AppDelegate.swift in Sources */,
				CE2A3102280EE4840013E5FF /* SceneDelegate.swift in Sources */,
			);
			runOnlyForDeploymentPostprocessing = 0;
		};
		CE2A310E280EE4870013E5FF /* Sources */ = {
			isa = PBXSourcesBuildPhase;
			buildActionMask = 2147483647;
			files = (
				CE2A3117280EE4870013E5FF /* activityIndicatorViewTests.swift in Sources */,
			);
			runOnlyForDeploymentPostprocessing = 0;
		};
		CE2A3118280EE4870013E5FF /* Sources */ = {
			isa = PBXSourcesBuildPhase;
			buildActionMask = 2147483647;
			files = (
				CE2A3123280EE4870013E5FF /* activityIndicatorViewUITestsLaunchTests.swift in Sources */,
				CE2A3121280EE4870013E5FF /* activityIndicatorViewUITests.swift in Sources */,
			);
			runOnlyForDeploymentPostprocessing = 0;
		};
/* End PBXSourcesBuildPhase section */

/* Begin PBXTargetDependency section */
		CE2A3114280EE4870013E5FF /* PBXTargetDependency */ = {
			isa = PBXTargetDependency;
			target = CE2A30FB280EE4840013E5FF /* activityIndicatorView */;
			targetProxy = CE2A3113280EE4870013E5FF /* PBXContainerItemProxy */;
		};
		CE2A311E280EE4870013E5FF /* PBXTargetDependency */ = {
			isa = PBXTargetDependency;
			target = CE2A30FB280EE4840013E5FF /* activityIndicatorView */;
			targetProxy = CE2A311D280EE4870013E5FF /* PBXContainerItemProxy */;
		};
/* End PBXTargetDependency section */

/* Begin PBXVariantGroup section */
		CE2A3105280EE4840013E5FF /* Main.storyboard */ = {
			isa = PBXVariantGroup;
			children = (
				CE2A3106280EE4840013E5FF /* Base */,
			);
			name = Main.storyboard;
			sourceTree = "<group>";
		};
		CE2A310A280EE4870013E5FF /* LaunchScreen.storyboard */ = {
			isa = PBXVariantGroup;
			children = (
				CE2A310B280EE4870013E5FF /* Base */,
			);
			name = LaunchScreen.storyboard;
			sourceTree = "<group>";
		};
/* End PBXVariantGroup section */

/* Begin XCBuildConfiguration section */
		CE2A3124280EE4870013E5FF /* Debug */ = {
			isa = XCBuildConfiguration;
			buildSettings = {
				ALWAYS_SEARCH_USER_PATHS = NO;
				CLANG_ANALYZER_NONNULL = YES;
				CLANG_ANALYZER_NUMBER_OBJECT_CONVERSION = YES_AGGRESSIVE;
				CLANG_CXX_LANGUAGE_STANDARD = "gnu++17";
				CLANG_ENABLE_MODULES = YES;
				CLANG_ENABLE_OBJC_ARC = YES;
				CLANG_ENABLE_OBJC_WEAK = YES;
				CLANG_WARN_BLOCK_CAPTURE_AUTORELEASING = YES;
				CLANG_WARN_BOOL_CONVERSION = YES;
				CLANG_WARN_COMMA = YES;
				CLANG_WARN_CONSTANT_CONVERSION = YES;
				CLANG_WARN_DEPRECATED_OBJC_IMPLEMENTATIONS = YES;
				CLANG_WARN_DIRECT_OBJC_ISA_USAGE = YES_ERROR;
				CLANG_WARN_DOCUMENTATION_COMMENTS = YES;
				CLANG_WARN_EMPTY_BODY = YES;
				CLANG_WARN_ENUM_CONVERSION = YES;
				CLANG_WARN_INFINITE_RECURSION = YES;
				CLANG_WARN_INT_CONVERSION = YES;
				CLANG_WARN_NON_LITERAL_NULL_CONVERSION = YES;
				CLANG_WARN_OBJC_IMPLICIT_RETAIN_SELF = YES;
				CLANG_WARN_OBJC_LITERAL_CONVERSION = YES;
				CLANG_WARN_OBJC_ROOT_CLASS = YES_ERROR;
				CLANG_WARN_QUOTED_INCLUDE_IN_FRAMEWORK_HEADER = YES;
				CLANG_WARN_RANGE_LOOP_ANALYSIS = YES;
				CLANG_WARN_STRICT_PROTOTYPES = YES;
				CLANG_WARN_SUSPICIOUS_MOVE = YES;
				CLANG_WARN_UNGUARDED_AVAILABILITY = YES_AGGRESSIVE;
				CLANG_WARN_UNREACHABLE_CODE = YES;
				CLANG_WARN__DUPLICATE_METHOD_MATCH = YES;
				COPY_PHASE_STRIP = NO;
				DEBUG_INFORMATION_FORMAT = dwarf;
				ENABLE_STRICT_OBJC_MSGSEND = YES;
				ENABLE_TESTABILITY = YES;
				GCC_C_LANGUAGE_STANDARD = gnu11;
				GCC_DYNAMIC_NO_PIC = NO;
				GCC_NO_COMMON_BLOCKS = YES;
				GCC_OPTIMIZATION_LEVEL = 0;
				GCC_PREPROCESSOR_DEFINITIONS = (
					"DEBUG=1",
					"$(inherited)",
				);
				GCC_WARN_64_TO_32_BIT_CONVERSION = YES;
				GCC_WARN_ABOUT_RETURN_TYPE = YES_ERROR;
				GCC_WARN_UNDECLARED_SELECTOR = YES;
				GCC_WARN_UNINITIALIZED_AUTOS = YES_AGGRESSIVE;
				GCC_WARN_UNUSED_FUNCTION = YES;
				GCC_WARN_UNUSED_VARIABLE = YES;
				IPHONEOS_DEPLOYMENT_TARGET = 15.4;
				MTL_ENABLE_DEBUG_INFO = INCLUDE_SOURCE;
				MTL_FAST_MATH = YES;
				ONLY_ACTIVE_ARCH = YES;
				SDKROOT = iphoneos;
				SWIFT_ACTIVE_COMPILATION_CONDITIONS = DEBUG;
				SWIFT_OPTIMIZATION_LEVEL = "-Onone";
			};
			name = Debug;
		};
		CE2A3125280EE4870013E5FF /* Release */ = {
			isa = XCBuildConfiguration;
			buildSettings = {
				ALWAYS_SEARCH_USER_PATHS = NO;
				CLANG_ANALYZER_NONNULL = YES;
				CLANG_ANALYZER_NUMBER_OBJECT_CONVERSION = YES_AGGRESSIVE;
				CLANG_CXX_LANGUAGE_STANDARD = "gnu++17";
				CLANG_ENABLE_MODULES = YES;
				CLANG_ENABLE_OBJC_ARC = YES;
				CLANG_ENABLE_OBJC_WEAK = YES;
				CLANG_WARN_BLOCK_CAPTURE_AUTORELEASING = YES;
				CLANG_WARN_BOOL_CONVERSION = YES;
				CLANG_WARN_COMMA = YES;
				CLANG_WARN_CONSTANT_CONVERSION = YES;
				CLANG_WARN_DEPRECATED_OBJC_IMPLEMENTATIONS = YES;
				CLANG_WARN_DIRECT_OBJC_ISA_USAGE = YES_ERROR;
				CLANG_WARN_DOCUMENTATION_COMMENTS = YES;
				CLANG_WARN_EMPTY_BODY = YES;
				CLANG_WARN_ENUM_CONVERSION = YES;
				CLANG_WARN_INFINITE_RECURSION = YES;
				CLANG_WARN_INT_CONVERSION = YES;
				CLANG_WARN_NON_LITERAL_NULL_CONVERSION = YES;
				CLANG_WARN_OBJC_IMPLICIT_RETAIN_SELF = YES;
				CLANG_WARN_OBJC_LITERAL_CONVERSION = YES;
				CLANG_WARN_OBJC_ROOT_CLASS = YES_ERROR;
				CLANG_WARN_QUOTED_INCLUDE_IN_FRAMEWORK_HEADER = YES;
				CLANG_WARN_RANGE_LOOP_ANALYSIS = YES;
				CLANG_WARN_STRICT_PROTOTYPES = YES;
				CLANG_WARN_SUSPICIOUS_MOVE = YES;
				CLANG_WARN_UNGUARDED_AVAILABILITY = YES_AGGRESSIVE;
				CLANG_WARN_UNREACHABLE_CODE = YES;
				CLANG_WARN__DUPLICATE_METHOD_MATCH = YES;
				COPY_PHASE_STRIP = NO;
				DEBUG_INFORMATION_FORMAT = "dwarf-with-dsym";
				ENABLE_NS_ASSERTIONS = NO;
				ENABLE_STRICT_OBJC_MSGSEND = YES;
				GCC_C_LANGUAGE_STANDARD = gnu11;
				GCC_NO_COMMON_BLOCKS = YES;
				GCC_WARN_64_TO_32_BIT_CONVERSION = YES;
				GCC_WARN_ABOUT_RETURN_TYPE = YES_ERROR;
				GCC_WARN_UNDECLARED_SELECTOR = YES;
				GCC_WARN_UNINITIALIZED_AUTOS = YES_AGGRESSIVE;
				GCC_WARN_UNUSED_FUNCTION = YES;
				GCC_WARN_UNUSED_VARIABLE = YES;
				IPHONEOS_DEPLOYMENT_TARGET = 15.4;
				MTL_ENABLE_DEBUG_INFO = NO;
				MTL_FAST_MATH = YES;
				SDKROOT = iphoneos;
				SWIFT_COMPILATION_MODE = wholemodule;
				SWIFT_OPTIMIZATION_LEVEL = "-O";
				VALIDATE_PRODUCT = YES;
			};
			name = Release;
		};
		CE2A3127280EE4870013E5FF /* Debug */ = {
			isa = XCBuildConfiguration;
			buildSettings = {
				ASSETCATALOG_COMPILER_APPICON_NAME = AppIcon;
				ASSETCATALOG_COMPILER_GLOBAL_ACCENT_COLOR_NAME = AccentColor;
				CODE_SIGN_STYLE = Automatic;
				CURRENT_PROJECT_VERSION = 1;
				GENERATE_INFOPLIST_FILE = YES;
				INFOPLIST_FILE = activityIndicatorView/Info.plist;
				INFOPLIST_KEY_UIApplicationSupportsIndirectInputEvents = YES;
				INFOPLIST_KEY_UILaunchStoryboardName = LaunchScreen;
				INFOPLIST_KEY_UIMainStoryboardFile = Main;
				INFOPLIST_KEY_UISupportedInterfaceOrientations_iPad = "UIInterfaceOrientationPortrait UIInterfaceOrientationPortraitUpsideDown UIInterfaceOrientationLandscapeLeft UIInterfaceOrientationLandscapeRight";
				INFOPLIST_KEY_UISupportedInterfaceOrientations_iPhone = "UIInterfaceOrientationPortrait UIInterfaceOrientationLandscapeLeft UIInterfaceOrientationLandscapeRight";
				LD_RUNPATH_SEARCH_PATHS = (
					"$(inherited)",
					"@executable_path/Frameworks",
				);
				MARKETING_VERSION = 1.0;
				PRODUCT_BUNDLE_IDENTIFIER = com.jatinK.activityIndicatorView;
				PRODUCT_NAME = "$(TARGET_NAME)";
				SWIFT_EMIT_LOC_STRINGS = YES;
				SWIFT_VERSION = 5.0;
				TARGETED_DEVICE_FAMILY = "1,2";
			};
			name = Debug;
		};
		CE2A3128280EE4870013E5FF /* Release */ = {
			isa = XCBuildConfiguration;
			buildSettings = {
				ASSETCATALOG_COMPILER_APPICON_NAME = AppIcon;
				ASSETCATALOG_COMPILER_GLOBAL_ACCENT_COLOR_NAME = AccentColor;
				CODE_SIGN_STYLE = Automatic;
				CURRENT_PROJECT_VERSION = 1;
				GENERATE_INFOPLIST_FILE = YES;
				INFOPLIST_FILE = activityIndicatorView/Info.plist;
				INFOPLIST_KEY_UIApplicationSupportsIndirectInputEvents = YES;
				INFOPLIST_KEY_UILaunchStoryboardName = LaunchScreen;
				INFOPLIST_KEY_UIMainStoryboardFile = Main;
				INFOPLIST_KEY_UISupportedInterfaceOrientations_iPad = "UIInterfaceOrientationPortrait UIInterfaceOrientationPortraitUpsideDown UIInterfaceOrientationLandscapeLeft UIInterfaceOrientationLandscapeRight";
				INFOPLIST_KEY_UISupportedInterfaceOrientations_iPhone = "UIInterfaceOrientationPortrait UIInterfaceOrientationLandscapeLeft UIInterfaceOrientationLandscapeRight";
				LD_RUNPATH_SEARCH_PATHS = (
					"$(inherited)",
					"@executable_path/Frameworks",
				);
				MARKETING_VERSION = 1.0;
				PRODUCT_BUNDLE_IDENTIFIER = com.jatinK.activityIndicatorView;
				PRODUCT_NAME = "$(TARGET_NAME)";
				SWIFT_EMIT_LOC_STRINGS = YES;
				SWIFT_VERSION = 5.0;
				TARGETED_DEVICE_FAMILY = "1,2";
			};
			name = Release;
		};
		CE2A312A280EE4870013E5FF /* Debug */ = {
			isa = XCBuildConfiguration;
			buildSettings = {
				ALWAYS_EMBED_SWIFT_STANDARD_LIBRARIES = YES;
				BUNDLE_LOADER = "$(TEST_HOST)";
				CODE_SIGN_STYLE = Automatic;
				CURRENT_PROJECT_VERSION = 1;
				GENERATE_INFOPLIST_FILE = YES;
				IPHONEOS_DEPLOYMENT_TARGET = 15.4;
				MARKETING_VERSION = 1.0;
				PRODUCT_BUNDLE_IDENTIFIER = com.jatinK.activityIndicatorViewTests;
				PRODUCT_NAME = "$(TARGET_NAME)";
				SWIFT_EMIT_LOC_STRINGS = NO;
				SWIFT_VERSION = 5.0;
				TARGETED_DEVICE_FAMILY = "1,2";
				TEST_HOST = "$(BUILT_PRODUCTS_DIR)/activityIndicatorView.app/activityIndicatorView";
			};
			name = Debug;
		};
		CE2A312B280EE4870013E5FF /* Release */ = {
			isa = XCBuildConfiguration;
			buildSettings = {
				ALWAYS_EMBED_SWIFT_STANDARD_LIBRARIES = YES;
				BUNDLE_LOADER = "$(TEST_HOST)";
				CODE_SIGN_STYLE = Automatic;
				CURRENT_PROJECT_VERSION = 1;
				GENERATE_INFOPLIST_FILE = YES;
				IPHONEOS_DEPLOYMENT_TARGET = 15.4;
				MARKETING_VERSION = 1.0;
				PRODUCT_BUNDLE_IDENTIFIER = com.jatinK.activityIndicatorViewTests;
				PRODUCT_NAME = "$(TARGET_NAME)";
				SWIFT_EMIT_LOC_STRINGS = NO;
				SWIFT_VERSION = 5.0;
				TARGETED_DEVICE_FAMILY = "1,2";
				TEST_HOST = "$(BUILT_PRODUCTS_DIR)/activityIndicatorView.app/activityIndicatorView";
			};
			name = Release;
		};
		CE2A312D280EE4870013E5FF /* Debug */ = {
			isa = XCBuildConfiguration;
			buildSettings = {
				ALWAYS_EMBED_SWIFT_STANDARD_LIBRARIES = YES;
				CODE_SIGN_STYLE = Automatic;
				CURRENT_PROJECT_VERSION = 1;
				GENERATE_INFOPLIST_FILE = YES;
				MARKETING_VERSION = 1.0;
				PRODUCT_BUNDLE_IDENTIFIER = com.jatinK.activityIndicatorViewUITests;
				PRODUCT_NAME = "$(TARGET_NAME)";
				SWIFT_EMIT_LOC_STRINGS = NO;
				SWIFT_VERSION = 5.0;
				TARGETED_DEVICE_FAMILY = "1,2";
				TEST_TARGET_NAME = activityIndicatorView;
			};
			name = Debug;
		};
		CE2A312E280EE4870013E5FF /* Release */ = {
			isa = XCBuildConfiguration;
			buildSettings = {
				ALWAYS_EMBED_SWIFT_STANDARD_LIBRARIES = YES;
				CODE_SIGN_STYLE = Automatic;
				CURRENT_PROJECT_VERSION = 1;
				GENERATE_INFOPLIST_FILE = YES;
				MARKETING_VERSION = 1.0;
				PRODUCT_BUNDLE_IDENTIFIER = com.jatinK.activityIndicatorViewUITests;
				PRODUCT_NAME = "$(TARGET_NAME)";
				SWIFT_EMIT_LOC_STRINGS = NO;
				SWIFT_VERSION = 5.0;
				TARGETED_DEVICE_FAMILY = "1,2";
				TEST_TARGET_NAME = activityIndicatorView;
			};
			name = Release;
		};
/* End XCBuildConfiguration section */

/* Begin XCConfigurationList section */
		CE2A30F7280EE4840013E5FF /* Build configuration list for PBXProject "activityIndicatorView" */ = {
			isa = XCConfigurationList;
			buildConfigurations = (
				CE2A3124280EE4870013E5FF /* Debug */,
				CE2A3125280EE4870013E5FF /* Release */,
			);
			defaultConfigurationIsVisible = 0;
			defaultConfigurationName = Release;
		};
		CE2A3126280EE4870013E5FF /* Build configuration list for PBXNativeTarget "activityIndicatorView" */ = {
			isa = XCConfigurationList;
			buildConfigurations = (
				CE2A3127280EE4870013E5FF /* Debug */,
				CE2A3128280EE4870013E5FF /* Release */,
			);
			defaultConfigurationIsVisible = 0;
			defaultConfigurationName = Release;
		};
		CE2A3129280EE4870013E5FF /* Build configuration list for PBXNativeTarget "activityIndicatorViewTests" */ = {
			isa = XCConfigurationList;
			buildConfigurations = (
				CE2A312A280EE4870013E5FF /* Debug */,
				CE2A312B280EE4870013E5FF /* Release */,
			);
			defaultConfigurationIsVisible = 0;
			defaultConfigurationName = Release;
		};
		CE2A312C280EE4870013E5FF /* Build configuration list for PBXNativeTarget "activityIndicatorViewUITests" */ = {
			isa = XCConfigurationList;
			buildConfigurations = (
				CE2A312D280EE4870013E5FF /* Debug */,
				CE2A312E280EE4870013E5FF /* Release */,
			);
			defaultConfigurationIsVisible = 0;
			defaultConfigurationName = Release;
		};
/* End XCConfigurationList section */
	};
	rootObject = CE2A30F4280EE4840013E5FF /* Project object */;
}
